
Microsoft Visual Studio Solution File, Format Version 12.00
# Visual Studio 15
VisualStudioVersion = 15.0.28307.852
MinimumVisualStudioVersion = 10.0.40219.1
Project("{FAE04EC0-301F-11D3-BF4B-00C04F79EFBC}") = "SquadBuilder", "SquadBuilder\SquadBuilder.csproj", "{8C58363E-6F38-40C3-83A9-57C686A958D2}"
EndProject
Global
	GlobalSection(SolutionConfigurationPlatforms) = preSolution
		Debug|Any CPU = Debug|Any CPU
		Release|Any CPU = Release|Any CPU
	EndGlobalSection
	GlobalSection(ProjectConfigurationPlatforms) = postSolution
		{8C58363E-6F38-40C3-83A9-57C686A958D2}.Debug|Any CPU.ActiveCfg = Debug|Any CPU
		{8C58363E-6F38-40C3-83A9-57C686A958D2}.Debug|Any CPU.Build.0 = Debug|Any CPU
		{8C58363E-6F38-40C3-83A9-57C686A958D2}.Release|Any CPU.ActiveCfg = Release|Any CPU
		{8C58363E-6F38-40C3-83A9-57C686A958D2}.Release|Any CPU.Build.0 = Release|Any CPU
	EndGlobalSection
	GlobalSection(SolutionProperties) = preSolution
		HideSolutionNode = FALSE
	EndGlobalSection
	GlobalSection(ExtensibilityGlobals) = postSolution
		SolutionGuid = {78CA13DB-219E-486B-B03B-B99008FF4ACE}
	EndGlobalSection
EndGlobal
